
Microsoft Visual Studio Solution File, Format Version 12.00
# Visual Studio 15
VisualStudioVersion = 15.0.27703.2000
MinimumVisualStudioVersion = 10.0.40219.1
Project("{FAE04EC0-301F-11D3-BF4B-00C04F79EFBC}") = "DatetimeConsoleApplication", "DatetimeConsoleApplication\DatetimeConsoleApplication.csproj", "{291B8B1B-5B09-4772-8136-02215DD304E3}"
EndProject
Project("{FAE04EC0-301F-11D3-BF4B-00C04F79EFBC}") = "DatetimeConsoleApplication_UnitTests", "DatetimeConsoleApplication_UnitTests\DatetimeConsoleApplication_UnitTests.csproj", "{08F69419-2A70-4A71-8419-E6C589898073}"
EndProject
Global
	GlobalSection(SolutionConfigurationPlatforms) = preSolution
		Debug|Any CPU = Debug|Any CPU
		Release|Any CPU = Release|Any CPU
	EndGlobalSection
	GlobalSection(ProjectConfigurationPlatforms) = postSolution
		{291B8B1B-5B09-4772-8136-02215DD304E3}.Debug|Any CPU.ActiveCfg = Debug|Any CPU
		{291B8B1B-5B09-4772-8136-02215DD304E3}.Debug|Any CPU.Build.0 = Debug|Any CPU
		{291B8B1B-5B09-4772-8136-02215DD304E3}.Release|Any CPU.ActiveCfg = Release|Any CPU
		{291B8B1B-5B09-4772-8136-02215DD304E3}.Release|Any CPU.Build.0 = Release|Any CPU
		{08F69419-2A70-4A71-8419-E6C589898073}.Debug|Any CPU.ActiveCfg = Debug|Any CPU
		{08F69419-2A70-4A71-8419-E6C589898073}.Debug|Any CPU.Build.0 = Debug|Any CPU
		{08F69419-2A70-4A71-8419-E6C589898073}.Release|Any CPU.ActiveCfg = Release|Any CPU
		{08F69419-2A70-4A71-8419-E6C589898073}.Release|Any CPU.Build.0 = Release|Any CPU
	EndGlobalSection
	GlobalSection(SolutionProperties) = preSolution
		HideSolutionNode = FALSE
	EndGlobalSection
	GlobalSection(ExtensibilityGlobals) = postSolution
		SolutionGuid = {C81CCF5C-E551-4C9C-A4F7-6566105CD835}
	EndGlobalSection
EndGlobal
